
Microsoft Visual Studio Solution File, Format Version 12.00
# Visual Studio Version 17
VisualStudioVersion = 17.7.34031.279
MinimumVisualStudioVersion = 10.0.40219.1
Project("{9A19103F-16F7-4668-BE54-9A1E7A4F7556}") = "TCPDevice", "TCPDevice\TCPDevice.csproj", "{2FD50F95-C05B-484D-A7B2-DB9F2D9BD0F7}"
EndProject
Project("{54435603-DBB4-11D2-8724-00A0C9A8B90C}") = "KTRV INSTALL", "KTRV INSTALL\KTRV INSTALL.vdproj", "{90CB3F8F-4E90-47C4-A286-84514E54F01D}"
EndProject
Global
	GlobalSection(SolutionConfigurationPlatforms) = preSolution
		Debug|Any CPU = Debug|Any CPU
		Debug|x64 = Debug|x64
		Release|Any CPU = Release|Any CPU
		Release|x64 = Release|x64
	EndGlobalSection
	GlobalSection(ProjectConfigurationPlatforms) = postSolution
		{2FD50F95-C05B-484D-A7B2-DB9F2D9BD0F7}.Debug|Any CPU.ActiveCfg = Debug|Any CPU
		{2FD50F95-C05B-484D-A7B2-DB9F2D9BD0F7}.Debug|Any CPU.Build.0 = Debug|Any CPU
		{2FD50F95-C05B-484D-A7B2-DB9F2D9BD0F7}.Debug|x64.ActiveCfg = Debug|x64
		{2FD50F95-C05B-484D-A7B2-DB9F2D9BD0F7}.Debug|x64.Build.0 = Debug|x64
		{2FD50F95-C05B-484D-A7B2-DB9F2D9BD0F7}.Release|Any CPU.ActiveCfg = Release|Any CPU
		{2FD50F95-C05B-484D-A7B2-DB9F2D9BD0F7}.Release|Any CPU.Build.0 = Release|Any CPU
		{2FD50F95-C05B-484D-A7B2-DB9F2D9BD0F7}.Release|x64.ActiveCfg = Release|x64
		{2FD50F95-C05B-484D-A7B2-DB9F2D9BD0F7}.Release|x64.Build.0 = Release|x64
		{90CB3F8F-4E90-47C4-A286-84514E54F01D}.Debug|Any CPU.ActiveCfg = Debug
		{90CB3F8F-4E90-47C4-A286-84514E54F01D}.Debug|x64.ActiveCfg = Debug
		{90CB3F8F-4E90-47C4-A286-84514E54F01D}.Debug|x64.Build.0 = Debug
		{90CB3F8F-4E90-47C4-A286-84514E54F01D}.Release|Any CPU.ActiveCfg = Release
		{90CB3F8F-4E90-47C4-A286-84514E54F01D}.Release|x64.ActiveCfg = Release
		{90CB3F8F-4E90-47C4-A286-84514E54F01D}.Release|x64.Build.0 = Release
	EndGlobalSection
	GlobalSection(SolutionProperties) = preSolution
		HideSolutionNode = FALSE
	EndGlobalSection
	GlobalSection(ExtensibilityGlobals) = postSolution
		SolutionGuid = {AE4AB34C-D659-48E2-98AA-C841D6A7EBF3}
	EndGlobalSection
EndGlobal
